
Microsoft Visual Studio Solution File, Format Version 12.00
# Visual Studio 15
VisualStudioVersion = 15.0.27130.2020
MinimumVisualStudioVersion = 10.0.40219.1
Project("{FAE04EC0-301F-11D3-BF4B-00C04F79EFBC}") = "birthday", "birthday\birthday.csproj", "{802AE9F3-7EE6-40D8-8E09-B8F65192A97E}"
EndProject
Global
	GlobalSection(SolutionConfigurationPlatforms) = preSolution
		Debug|Any CPU = Debug|Any CPU
		Release|Any CPU = Release|Any CPU
	EndGlobalSection
	GlobalSection(ProjectConfigurationPlatforms) = postSolution
		{802AE9F3-7EE6-40D8-8E09-B8F65192A97E}.Debug|Any CPU.ActiveCfg = Debug|Any CPU
		{802AE9F3-7EE6-40D8-8E09-B8F65192A97E}.Debug|Any CPU.Build.0 = Debug|Any CPU
		{802AE9F3-7EE6-40D8-8E09-B8F65192A97E}.Release|Any CPU.ActiveCfg = Release|Any CPU
		{802AE9F3-7EE6-40D8-8E09-B8F65192A97E}.Release|Any CPU.Build.0 = Release|Any CPU
	EndGlobalSection
	GlobalSection(SolutionProperties) = preSolution
		HideSolutionNode = FALSE
	EndGlobalSection
	GlobalSection(ExtensibilityGlobals) = postSolution
		SolutionGuid = {C92E2F4A-CCCC-4F1E-8CC8-E16DDA78C23D}
	EndGlobalSection
EndGlobal
