
Microsoft Visual Studio Solution File, Format Version 12.00
# Visual Studio 15
VisualStudioVersion = 15.0.27130.2020
MinimumVisualStudioVersion = 10.0.40219.1
Project("{FAE04EC0-301F-11D3-BF4B-00C04F79EFBC}") = "birthday", "birthday\birthday.csproj", "{81BB8FD1-76DE-4A05-B2CF-2453576E2BE0}"
EndProject
Global
	GlobalSection(SolutionConfigurationPlatforms) = preSolution
		Debug|Any CPU = Debug|Any CPU
		Release|Any CPU = Release|Any CPU
	EndGlobalSection
	GlobalSection(ProjectConfigurationPlatforms) = postSolution
		{81BB8FD1-76DE-4A05-B2CF-2453576E2BE0}.Debug|Any CPU.ActiveCfg = Debug|Any CPU
		{81BB8FD1-76DE-4A05-B2CF-2453576E2BE0}.Debug|Any CPU.Build.0 = Debug|Any CPU
		{81BB8FD1-76DE-4A05-B2CF-2453576E2BE0}.Release|Any CPU.ActiveCfg = Release|Any CPU
		{81BB8FD1-76DE-4A05-B2CF-2453576E2BE0}.Release|Any CPU.Build.0 = Release|Any CPU
	EndGlobalSection
	GlobalSection(SolutionProperties) = preSolution
		HideSolutionNode = FALSE
	EndGlobalSection
	GlobalSection(ExtensibilityGlobals) = postSolution
		SolutionGuid = {E76DF2A5-6EB7-4462-97AF-00B700676031}
	EndGlobalSection
EndGlobal
