
Microsoft Visual Studio Solution File, Format Version 12.00
# Visual Studio 15
VisualStudioVersion = 15.0.27130.2010
MinimumVisualStudioVersion = 10.0.40219.1
Project("{FAE04EC0-301F-11D3-BF4B-00C04F79EFBC}") = "birthday", "birthday\birthday.csproj", "{6FB6359F-61E4-4E8D-B58D-E93E4AA16F4F}"
EndProject
Global
	GlobalSection(SolutionConfigurationPlatforms) = preSolution
		Debug|Any CPU = Debug|Any CPU
		Release|Any CPU = Release|Any CPU
	EndGlobalSection
	GlobalSection(ProjectConfigurationPlatforms) = postSolution
		{6FB6359F-61E4-4E8D-B58D-E93E4AA16F4F}.Debug|Any CPU.ActiveCfg = Debug|Any CPU
		{6FB6359F-61E4-4E8D-B58D-E93E4AA16F4F}.Debug|Any CPU.Build.0 = Debug|Any CPU
		{6FB6359F-61E4-4E8D-B58D-E93E4AA16F4F}.Release|Any CPU.ActiveCfg = Release|Any CPU
		{6FB6359F-61E4-4E8D-B58D-E93E4AA16F4F}.Release|Any CPU.Build.0 = Release|Any CPU
	EndGlobalSection
	GlobalSection(SolutionProperties) = preSolution
		HideSolutionNode = FALSE
	EndGlobalSection
	GlobalSection(ExtensibilityGlobals) = postSolution
		SolutionGuid = {DFDAB0CA-0192-4E6B-B184-79A786780E78}
	EndGlobalSection
EndGlobal
