
Microsoft Visual Studio Solution File, Format Version 12.00
# Visual Studio 15
VisualStudioVersion = 15.0.27130.2020
MinimumVisualStudioVersion = 10.0.40219.1
Project("{FAE04EC0-301F-11D3-BF4B-00C04F79EFBC}") = "birthday", "ecard2\birthday.csproj", "{AF5CBDA0-70C6-4184-AD17-7BC77DA1E5A1}"
EndProject
Global
	GlobalSection(SolutionConfigurationPlatforms) = preSolution
		Debug|Any CPU = Debug|Any CPU
		Release|Any CPU = Release|Any CPU
	EndGlobalSection
	GlobalSection(ProjectConfigurationPlatforms) = postSolution
		{AF5CBDA0-70C6-4184-AD17-7BC77DA1E5A1}.Debug|Any CPU.ActiveCfg = Debug|Any CPU
		{AF5CBDA0-70C6-4184-AD17-7BC77DA1E5A1}.Debug|Any CPU.Build.0 = Debug|Any CPU
		{AF5CBDA0-70C6-4184-AD17-7BC77DA1E5A1}.Release|Any CPU.ActiveCfg = Release|Any CPU
		{AF5CBDA0-70C6-4184-AD17-7BC77DA1E5A1}.Release|Any CPU.Build.0 = Release|Any CPU
	EndGlobalSection
	GlobalSection(SolutionProperties) = preSolution
		HideSolutionNode = FALSE
	EndGlobalSection
	GlobalSection(ExtensibilityGlobals) = postSolution
		SolutionGuid = {3E9CCF4D-ED6A-4CC8-9FDD-DA1BD45827CB}
	EndGlobalSection
EndGlobal
